{
  "nodes": {
    "crane": {
      "locked": {
        "lastModified": 1780099841,
        "narHash": "sha256-EVZd2RsbpreRUDSi9rBwPY+ZxoyMaiEBbZxxhljbaS4=",
        "owner": "ipetkov",
        "repo": "crane",
        "rev": "0532eb17955225173906d671fb36306bdeb1e2dc",
        "type": "github"
      },
      "original": {
        "owner": "ipetkov",
        "repo": "crane",
        "type": "github"
      }
    },
    "nixpkgs": {
      "locked": {
        "lastModified": 1780203844,
        "narHash": "sha256-K5sT4jTpGs15ADhviMKNBH38REpPf5Q6mM1+N6cArVE=",
        "owner": "nixos",
        "repo": "nixpkgs",
        "rev": "b51242d7d43689db2f3be91bd05d5b24fbb469c4",
        "type": "github"
      },
      "original": {
        "owner": "nixos",
        "ref": "nixos-26.05",
        "repo": "nixpkgs",
        "type": "github"
      }
    },
    "root": {
      "inputs": {
        "crane": "crane",
        "nixpkgs": "nixpkgs"
      }
    }
  },
  "root": "root",
  "version": 7
}
